// !$*UTF8*$!
{
	archiveVersion = 1;
	classes = {
	};
	objectVersion = 46;
	objects = {

/* Begin PBXBuildFile section */
		08E902711BA37AFF00C1E11B /* SpashScreen.xib in Resources */ = {isa = PBXBuildFile; fileRef = 08E902701BA37AFF00C1E11B /* SpashScreen.xib */; };
		44AD19F619C6E30E00C64713 /* Foundation.framework in Frameworks */ = {isa = PBXBuildFile; fileRef = 44AD19F519C6E30E00C64713 /* Foundation.framework */; };
		44AD19F819C6E30E00C64713 /* CoreGraphics.framework in Frameworks */ = {isa = PBXBuildFile; fileRef = 44AD19F719C6E30E00C64713 /* CoreGraphics.framework */; };
		44AD19FA19C6E30E00C64713 /* UIKit.framework in Frameworks */ = {isa = PBXBuildFile; fileRef = 44AD19F919C6E30E00C64713 /* UIKit.framework */; };
		44AD1A1819C6E30F00C64713 /* XCTest.framework in Frameworks */ = {isa = PBXBuildFile; fileRef = 44AD1A1719C6E30F00C64713 /* XCTest.framework */; };
		44AD1A1919C6E30F00C64713 /* Foundation.framework in Frameworks */ = {isa = PBXBuildFile; fileRef = 44AD19F519C6E30E00C64713 /* Foundation.framework */; };
		44AD1A1A19C6E30F00C64713 /* UIKit.framework in Frameworks */ = {isa = PBXBuildFile; fileRef = 44AD19F919C6E30E00C64713 /* UIKit.framework */; };
		44AD1A3719C6E96400C64713 /* MapKit.framework in Frameworks */ = {isa = PBXBuildFile; fileRef = 44AD1A3619C6E96400C64713 /* MapKit.framework */; };
		44AD1A8D19C6FAE100C64713 /* InfoPlist.strings in Resources */ = {isa = PBXBuildFile; fileRef = 44AD1A8919C6FAE100C64713 /* InfoPlist.strings */; };
		44AD1A8E19C6FAE100C64713 /* HeatMapTests-Info.plist in Resources */ = {isa = PBXBuildFile; fileRef = 44AD1A8B19C6FAE100C64713 /* HeatMapTests-Info.plist */; };
		44AD1B1119C6FEE300C64713 /* HeatMapTests.m in Sources */ = {isa = PBXBuildFile; fileRef = 44AD1B1019C6FEE300C64713 /* HeatMapTests.m */; };
		44E0BE5C19E453350025E41B /* AppDelegate.m in Sources */ = {isa = PBXBuildFile; fileRef = 44E0BE4B19E453350025E41B /* AppDelegate.m */; };
		44E0BE5E19E453350025E41B /* Main_iPhone.storyboard in Resources */ = {isa = PBXBuildFile; fileRef = 44E0BE4E19E453350025E41B /* Main_iPhone.storyboard */; };
		44E0BE5F19E453350025E41B /* HeatMapImage.m in Sources */ = {isa = PBXBuildFile; fileRef = 44E0BE5219E453350025E41B /* HeatMapImage.m */; };
		44E0BE6019E453350025E41B /* InfoPlist.strings in Resources */ = {isa = PBXBuildFile; fileRef = 44E0BE5319E453350025E41B /* InfoPlist.strings */; };
		44E0BE6219E453350025E41B /* Images.xcassets in Resources */ = {isa = PBXBuildFile; fileRef = 44E0BE5719E453350025E41B /* Images.xcassets */; };
		44E0BE6319E453350025E41B /* main.m in Sources */ = {isa = PBXBuildFile; fileRef = 44E0BE5819E453350025E41B /* main.m */; };
		44E0BE6819E4539D0025E41B /* HMViewController.swift in Sources */ = {isa = PBXBuildFile; fileRef = 44E0BE6719E4539D0025E41B /* HMViewController.swift */; };
		44E0BE6A19E454700025E41B /* HMDataModel.swift in Sources */ = {isa = PBXBuildFile; fileRef = 44E0BE6919E454700025E41B /* HMDataModel.swift */; };
/* End PBXBuildFile section */

/* Begin PBXContainerItemProxy section */
		44AD1A1B19C6E30F00C64713 /* PBXContainerItemProxy */ = {
			isa = PBXContainerItemProxy;
			containerPortal = 44AD19EA19C6E30E00C64713 /* Project object */;
			proxyType = 1;
			remoteGlobalIDString = 44AD19F119C6E30E00C64713;
			remoteInfo = HeatMap;
		};
/* End PBXContainerItemProxy section */

/* Begin PBXFileReference section */
		08E902701BA37AFF00C1E11B /* SpashScreen.xib */ = {isa = PBXFileReference; fileEncoding = 4; lastKnownFileType = file.xib; path = SpashScreen.xib; sourceTree = "<group>"; };
		44AD19F219C6E30E00C64713 /* HeatMap.app */ = {isa = PBXFileReference; explicitFileType = wrapper.application; includeInIndex = 0; path = HeatMap.app; sourceTree = BUILT_PRODUCTS_DIR; };
		44AD19F519C6E30E00C64713 /* Foundation.framework */ = {isa = PBXFileReference; lastKnownFileType = wrapper.framework; name = Foundation.framework; path = System/Library/Frameworks/Foundation.framework; sourceTree = SDKROOT; };
		44AD19F719C6E30E00C64713 /* CoreGraphics.framework */ = {isa = PBXFileReference; lastKnownFileType = wrapper.framework; name = CoreGraphics.framework; path = System/Library/Frameworks/CoreGraphics.framework; sourceTree = SDKROOT; };
		44AD19F919C6E30E00C64713 /* UIKit.framework */ = {isa = PBXFileReference; lastKnownFileType = wrapper.framework; name = UIKit.framework; path = System/Library/Frameworks/UIKit.framework; sourceTree = SDKROOT; };
		44AD1A1619C6E30F00C64713 /* HeatMapTests.xctest */ = {isa = PBXFileReference; explicitFileType = wrapper.cfbundle; includeInIndex = 0; path = HeatMapTests.xctest; sourceTree = BUILT_PRODUCTS_DIR; };
		44AD1A1719C6E30F00C64713 /* XCTest.framework */ = {isa = PBXFileReference; lastKnownFileType = wrapper.framework; name = XCTest.framework; path = Library/Frameworks/XCTest.framework; sourceTree = DEVELOPER_DIR; };
		44AD1A3619C6E96400C64713 /* MapKit.framework */ = {isa = PBXFileReference; lastKnownFileType = wrapper.framework; name = MapKit.framework; path = System/Library/Frameworks/MapKit.framework; sourceTree = SDKROOT; };
		44AD1A8A19C6FAE100C64713 /* en */ = {isa = PBXFileReference; lastKnownFileType = text.plist.strings; name = en; path = en.lproj/InfoPlist.strings; sourceTree = "<group>"; };
		44AD1A8B19C6FAE100C64713 /* HeatMapTests-Info.plist */ = {isa = PBXFileReference; fileEncoding = 4; lastKnownFileType = text.plist.xml; path = "HeatMapTests-Info.plist"; sourceTree = "<group>"; };
		44AD1B1019C6FEE300C64713 /* HeatMapTests.m */ = {isa = PBXFileReference; fileEncoding = 4; lastKnownFileType = sourcecode.c.objc; path = HeatMapTests.m; sourceTree = "<group>"; };
		44E0BE4A19E453350025E41B /* AppDelegate.h */ = {isa = PBXFileReference; fileEncoding = 4; lastKnownFileType = sourcecode.c.h; path = AppDelegate.h; sourceTree = "<group>"; };
		44E0BE4B19E453350025E41B /* AppDelegate.m */ = {isa = PBXFileReference; fileEncoding = 4; lastKnownFileType = sourcecode.c.objc; path = AppDelegate.m; sourceTree = "<group>"; };
		44E0BE4F19E453350025E41B /* Base */ = {isa = PBXFileReference; lastKnownFileType = file.storyboard; name = Base; path = Base.lproj/Main_iPhone.storyboard; sourceTree = "<group>"; };
		44E0BE5119E453350025E41B /* HeatMapImage.h */ = {isa = PBXFileReference; fileEncoding = 4; lastKnownFileType = sourcecode.c.h; path = HeatMapImage.h; sourceTree = "<group>"; };
		44E0BE5219E453350025E41B /* HeatMapImage.m */ = {isa = PBXFileReference; fileEncoding = 4; lastKnownFileType = sourcecode.c.objc; path = HeatMapImage.m; sourceTree = "<group>"; };
		44E0BE5419E453350025E41B /* en */ = {isa = PBXFileReference; lastKnownFileType = text.plist.strings; name = en; path = en.lproj/InfoPlist.strings; sourceTree = "<group>"; };
		44E0BE5519E453350025E41B /* HeatMap-Info.plist */ = {isa = PBXFileReference; fileEncoding = 4; lastKnownFileType = text.plist.xml; path = "HeatMap-Info.plist"; sourceTree = "<group>"; };
		44E0BE5619E453350025E41B /* HeatMap-Prefix.pch */ = {isa = PBXFileReference; fileEncoding = 4; lastKnownFileType = sourcecode.c.h; path = "HeatMap-Prefix.pch"; sourceTree = "<group>"; };
		44E0BE5719E453350025E41B /* Images.xcassets */ = {isa = PBXFileReference; lastKnownFileType = folder.assetcatalog; path = Images.xcassets; sourceTree = "<group>"; };
		44E0BE5819E453350025E41B /* main.m */ = {isa = PBXFileReference; fileEncoding = 4; lastKnownFileType = sourcecode.c.objc; path = main.m; sourceTree = "<group>"; };
		44E0BE6619E4539D0025E41B /* HeatMap-Bridging-Header.h */ = {isa = PBXFileReference; lastKnownFileType = sourcecode.c.h; path = "HeatMap-Bridging-Header.h"; sourceTree = "<group>"; };
		44E0BE6719E4539D0025E41B /* HMViewController.swift */ = {isa = PBXFileReference; fileEncoding = 4; lastKnownFileType = sourcecode.swift; path = HMViewController.swift; sourceTree = "<group>"; };
		44E0BE6919E454700025E41B /* HMDataModel.swift */ = {isa = PBXFileReference; fileEncoding = 4; lastKnownFileType = sourcecode.swift; name = HMDataModel.swift; path = Models/HMDataModel.swift; sourceTree = "<group>"; };
/* End PBXFileReference section */

/* Begin PBXFrameworksBuildPhase section */
		44AD19EF19C6E30E00C64713 /* Frameworks */ = {
			isa = PBXFrameworksBuildPhase;
			buildActionMask = 2147483647;
			files = (
				44AD1A3719C6E96400C64713 /* MapKit.framework in Frameworks */,
				44AD19F819C6E30E00C64713 /* CoreGraphics.framework in Frameworks */,
				44AD19FA19C6E30E00C64713 /* UIKit.framework in Frameworks */,
				44AD19F619C6E30E00C64713 /* Foundation.framework in Frameworks */,
			);
			runOnlyForDeploymentPostprocessing = 0;
		};
		44AD1A1319C6E30F00C64713 /* Frameworks */ = {
			isa = PBXFrameworksBuildPhase;
			buildActionMask = 2147483647;
			files = (
				44AD1A1819C6E30F00C64713 /* XCTest.framework in Frameworks */,
				44AD1A1A19C6E30F00C64713 /* UIKit.framework in Frameworks */,
				44AD1A1919C6E30F00C64713 /* Foundation.framework in Frameworks */,
			);
			runOnlyForDeploymentPostprocessing = 0;
		};
/* End PBXFrameworksBuildPhase section */

/* Begin PBXGroup section */
		44AD19E919C6E30E00C64713 = {
			isa = PBXGroup;
			children = (
				44E0BE4919E453350025E41B /* Source */,
				44AD1A8819C6FAE100C64713 /* HeatMapTests */,
				44AD19F419C6E30E00C64713 /* Frameworks */,
				44AD19F319C6E30E00C64713 /* Products */,
			);
			sourceTree = "<group>";
		};
		44AD19F319C6E30E00C64713 /* Products */ = {
			isa = PBXGroup;
			children = (
				44AD19F219C6E30E00C64713 /* HeatMap.app */,
				44AD1A1619C6E30F00C64713 /* HeatMapTests.xctest */,
			);
			name = Products;
			sourceTree = "<group>";
		};
		44AD19F419C6E30E00C64713 /* Frameworks */ = {
			isa = PBXGroup;
			children = (
				44AD1A3619C6E96400C64713 /* MapKit.framework */,
				44AD19F519C6E30E00C64713 /* Foundation.framework */,
				44AD19F719C6E30E00C64713 /* CoreGraphics.framework */,
				44AD19F919C6E30E00C64713 /* UIKit.framework */,
				44AD1A1719C6E30F00C64713 /* XCTest.framework */,
			);
			name = Frameworks;
			sourceTree = "<group>";
		};
		44AD1A8819C6FAE100C64713 /* HeatMapTests */ = {
			isa = PBXGroup;
			children = (
				44AD1A8919C6FAE100C64713 /* InfoPlist.strings */,
				44AD1A8B19C6FAE100C64713 /* HeatMapTests-Info.plist */,
				44AD1B1019C6FEE300C64713 /* HeatMapTests.m */,
			);
			path = HeatMapTests;
			sourceTree = "<group>";
		};
		44E0BE4919E453350025E41B /* Source */ = {
			isa = PBXGroup;
			children = (
				44E0BE6B19E454780025E41B /* Models */,
				44E0BE5019E453350025E41B /* Components */,
				44E0BE5919E453350025E41B /* ViewControllers */,
				44E0BE6519E4534F0025E41B /* Supporting Files */,
			);
			name = Source;
			path = HeatMap;
			sourceTree = "<group>";
		};
		44E0BE5019E453350025E41B /* Components */ = {
			isa = PBXGroup;
			children = (
				44E0BE5119E453350025E41B /* HeatMapImage.h */,
				44E0BE5219E453350025E41B /* HeatMapImage.m */,
			);
			path = Components;
			sourceTree = "<group>";
		};
		44E0BE5919E453350025E41B /* ViewControllers */ = {
			isa = PBXGroup;
			children = (
				44E0BE6719E4539D0025E41B /* HMViewController.swift */,
				44E0BE6619E4539D0025E41B /* HeatMap-Bridging-Header.h */,
			);
			path = ViewControllers;
			sourceTree = "<group>";
		};
		44E0BE6519E4534F0025E41B /* Supporting Files */ = {
			isa = PBXGroup;
			children = (
				44E0BE5319E453350025E41B /* InfoPlist.strings */,
				44E0BE5519E453350025E41B /* HeatMap-Info.plist */,
				44E0BE5619E453350025E41B /* HeatMap-Prefix.pch */,
				44E0BE5719E453350025E41B /* Images.xcassets */,
				44E0BE5819E453350025E41B /* main.m */,
				44E0BE4A19E453350025E41B /* AppDelegate.h */,
				44E0BE4B19E453350025E41B /* AppDelegate.m */,
				08E902701BA37AFF00C1E11B /* SpashScreen.xib */,
				44E0BE4E19E453350025E41B /* Main_iPhone.storyboard */,
			);
			name = "Supporting Files";
			sourceTree = "<group>";
		};
		44E0BE6B19E454780025E41B /* Models */ = {
			isa = PBXGroup;
			children = (
				44E0BE6919E454700025E41B /* HMDataModel.swift */,
			);
			name = Models;
			sourceTree = "<group>";
		};
/* End PBXGroup section */

/* Begin PBXNativeTarget section */
		44AD19F119C6E30E00C64713 /* HeatMap */ = {
			isa = PBXNativeTarget;
			buildConfigurationList = 44AD1A2719C6E30F00C64713 /* Build configuration list for PBXNativeTarget "HeatMap" */;
			buildPhases = (
				44AD19EE19C6E30E00C64713 /* Sources */,
				44AD19EF19C6E30E00C64713 /* Frameworks */,
				44AD19F019C6E30E00C64713 /* Resources */,
			);
			buildRules = (
			);
			dependencies = (
			);
			name = HeatMap;
			productName = HeatMap;
			productReference = 44AD19F219C6E30E00C64713 /* HeatMap.app */;
			productType = "com.apple.product-type.application";
		};
		44AD1A1519C6E30F00C64713 /* HeatMapTests */ = {
			isa = PBXNativeTarget;
			buildConfigurationList = 44AD1A2A19C6E30F00C64713 /* Build configuration list for PBXNativeTarget "HeatMapTests" */;
			buildPhases = (
				44AD1A1219C6E30F00C64713 /* Sources */,
				44AD1A1319C6E30F00C64713 /* Frameworks */,
				44AD1A1419C6E30F00C64713 /* Resources */,
			);
			buildRules = (
			);
			dependencies = (
				44AD1A1C19C6E30F00C64713 /* PBXTargetDependency */,
			);
			name = HeatMapTests;
			productName = HeatMapTests;
			productReference = 44AD1A1619C6E30F00C64713 /* HeatMapTests.xctest */;
			productType = "com.apple.product-type.bundle.unit-test";
		};
/* End PBXNativeTarget section */

/* Begin PBXProject section */
		44AD19EA19C6E30E00C64713 /* Project object */ = {
			isa = PBXProject;
			attributes = {
				LastUpgradeCheck = 0600;
				ORGANIZATIONNAME = "Katerina Nerush";
				TargetAttributes = {
					44AD1A1519C6E30F00C64713 = {
						TestTargetID = 44AD19F119C6E30E00C64713;
					};
				};
			};
			buildConfigurationList = 44AD19ED19C6E30E00C64713 /* Build configuration list for PBXProject "HeatMap" */;
			compatibilityVersion = "Xcode 3.2";
			developmentRegion = English;
			hasScannedForEncodings = 0;
			knownRegions = (
				en,
				Base,
			);
			mainGroup = 44AD19E919C6E30E00C64713;
			productRefGroup = 44AD19F319C6E30E00C64713 /* Products */;
			projectDirPath = "";
			projectRoot = "";
			targets = (
				44AD19F119C6E30E00C64713 /* HeatMap */,
				44AD1A1519C6E30F00C64713 /* HeatMapTests */,
			);
		};
/* End PBXProject section */

/* Begin PBXResourcesBuildPhase section */
		44AD19F019C6E30E00C64713 /* Resources */ = {
			isa = PBXResourcesBuildPhase;
			buildActionMask = 2147483647;
			files = (
				44E0BE5E19E453350025E41B /* Main_iPhone.storyboard in Resources */,
				44E0BE6219E453350025E41B /* Images.xcassets in Resources */,
				44AD1A8E19C6FAE100C64713 /* HeatMapTests-Info.plist in Resources */,
				44AD1A8D19C6FAE100C64713 /* InfoPlist.strings in Resources */,
				44E0BE6019E453350025E41B /* InfoPlist.strings in Resources */,
				08E902711BA37AFF00C1E11B /* SpashScreen.xib in Resources */,
			);
			runOnlyForDeploymentPostprocessing = 0;
		};
		44AD1A1419C6E30F00C64713 /* Resources */ = {
			isa = PBXResourcesBuildPhase;
			buildActionMask = 2147483647;
			files = (
			);
			runOnlyForDeploymentPostprocessing = 0;
		};
/* End PBXResourcesBuildPhase section */

/* Begin PBXSourcesBuildPhase section */
		44AD19EE19C6E30E00C64713 /* Sources */ = {
			isa = PBXSourcesBuildPhase;
			buildActionMask = 2147483647;
			files = (
				44E0BE5F19E453350025E41B /* HeatMapImage.m in Sources */,
				44E0BE6319E453350025E41B /* main.m in Sources */,
				44E0BE6819E4539D0025E41B /* HMViewController.swift in Sources */,
				44E0BE6A19E454700025E41B /* HMDataModel.swift in Sources */,
				44E0BE5C19E453350025E41B /* AppDelegate.m in Sources */,
			);
			runOnlyForDeploymentPostprocessing = 0;
		};
		44AD1A1219C6E30F00C64713 /* Sources */ = {
			isa = PBXSourcesBuildPhase;
			buildActionMask = 2147483647;
			files = (
				44AD1B1119C6FEE300C64713 /* HeatMapTests.m in Sources */,
			);
			runOnlyForDeploymentPostprocessing = 0;
		};
/* End PBXSourcesBuildPhase section */

/* Begin PBXTargetDependency section */
		44AD1A1C19C6E30F00C64713 /* PBXTargetDependency */ = {
			isa = PBXTargetDependency;
			target = 44AD19F119C6E30E00C64713 /* HeatMap */;
			targetProxy = 44AD1A1B19C6E30F00C64713 /* PBXContainerItemProxy */;
		};
/* End PBXTargetDependency section */

/* Begin PBXVariantGroup section */
		44AD1A8919C6FAE100C64713 /* InfoPlist.strings */ = {
			isa = PBXVariantGroup;
			children = (
				44AD1A8A19C6FAE100C64713 /* en */,
			);
			name = InfoPlist.strings;
			sourceTree = "<group>";
		};
		44E0BE4E19E453350025E41B /* Main_iPhone.storyboard */ = {
			isa = PBXVariantGroup;
			children = (
				44E0BE4F19E453350025E41B /* Base */,
			);
			name = Main_iPhone.storyboard;
			sourceTree = "<group>";
		};
		44E0BE5319E453350025E41B /* InfoPlist.strings */ = {
			isa = PBXVariantGroup;
			children = (
				44E0BE5419E453350025E41B /* en */,
			);
			name = InfoPlist.strings;
			sourceTree = "<group>";
		};
/* End PBXVariantGroup section */

/* Begin XCBuildConfiguration section */
		44AD1A2519C6E30F00C64713 /* Debug */ = {
			isa = XCBuildConfiguration;
			buildSettings = {
				ALWAYS_SEARCH_USER_PATHS = NO;
				CLANG_CXX_LANGUAGE_STANDARD = "gnu++0x";
				CLANG_CXX_LIBRARY = "libc++";
				CLANG_ENABLE_MODULES = YES;
				CLANG_ENABLE_OBJC_ARC = YES;
				CLANG_WARN_BOOL_CONVERSION = YES;
				CLANG_WARN_CONSTANT_CONVERSION = YES;
				CLANG_WARN_DIRECT_OBJC_ISA_USAGE = YES_ERROR;
				CLANG_WARN_EMPTY_BODY = YES;
				CLANG_WARN_ENUM_CONVERSION = YES;
				CLANG_WARN_INT_CONVERSION = YES;
				CLANG_WARN_OBJC_ROOT_CLASS = YES_ERROR;
				CLANG_WARN__DUPLICATE_METHOD_MATCH = YES;
				"CODE_SIGN_IDENTITY[sdk=iphoneos*]" = "iPhone Developer";
				COPY_PHASE_STRIP = NO;
				GCC_C_LANGUAGE_STANDARD = gnu99;
				GCC_DYNAMIC_NO_PIC = NO;
				GCC_OPTIMIZATION_LEVEL = 0;
				GCC_PREPROCESSOR_DEFINITIONS = (
					"DEBUG=1",
					"$(inherited)",
				);
				GCC_SYMBOLS_PRIVATE_EXTERN = NO;
				GCC_TREAT_WARNINGS_AS_ERRORS = YES;
				GCC_WARN_64_TO_32_BIT_CONVERSION = YES;
				GCC_WARN_ABOUT_RETURN_TYPE = YES_ERROR;
				GCC_WARN_UNDECLARED_SELECTOR = YES;
				GCC_WARN_UNINITIALIZED_AUTOS = YES_AGGRESSIVE;
				GCC_WARN_UNUSED_FUNCTION = YES;
				GCC_WARN_UNUSED_VARIABLE = YES;
				IPHONEOS_DEPLOYMENT_TARGET = 7.1;
				ONLY_ACTIVE_ARCH = YES;
				SDKROOT = iphoneos;
				TARGETED_DEVICE_FAMILY = "1,2";
			};
			name = Debug;
		};
		44AD1A2619C6E30F00C64713 /* Release */ = {
			isa = XCBuildConfiguration;
			buildSettings = {
				ALWAYS_SEARCH_USER_PATHS = NO;
				CLANG_CXX_LANGUAGE_STANDARD = "gnu++0x";
				CLANG_CXX_LIBRARY = "libc++";
				CLANG_ENABLE_MODULES = YES;
				CLANG_ENABLE_OBJC_ARC = YES;
				CLANG_WARN_BOOL_CONVERSION = YES;
				CLANG_WARN_CONSTANT_CONVERSION = YES;
				CLANG_WARN_DIRECT_OBJC_ISA_USAGE = YES_ERROR;
				CLANG_WARN_EMPTY_BODY = YES;
				CLANG_WARN_ENUM_CONVERSION = YES;
				CLANG_WARN_INT_CONVERSION = YES;
				CLANG_WARN_OBJC_ROOT_CLASS = YES_ERROR;
				CLANG_WARN__DUPLICATE_METHOD_MATCH = YES;
				"CODE_SIGN_IDENTITY[sdk=iphoneos*]" = "iPhone Developer";
				COPY_PHASE_STRIP = YES;
				ENABLE_NS_ASSERTIONS = NO;
				GCC_C_LANGUAGE_STANDARD = gnu99;
				GCC_TREAT_WARNINGS_AS_ERRORS = YES;
				GCC_WARN_64_TO_32_BIT_CONVERSION = YES;
				GCC_WARN_ABOUT_RETURN_TYPE = YES_ERROR;
				GCC_WARN_UNDECLARED_SELECTOR = YES;
				GCC_WARN_UNINITIALIZED_AUTOS = YES_AGGRESSIVE;
				GCC_WARN_UNUSED_FUNCTION = YES;
				GCC_WARN_UNUSED_VARIABLE = YES;
				IPHONEOS_DEPLOYMENT_TARGET = 7.1;
				SDKROOT = iphoneos;
				TARGETED_DEVICE_FAMILY = "1,2";
				VALIDATE_PRODUCT = YES;
			};
			name = Release;
		};
		44AD1A2819C6E30F00C64713 /* Debug */ = {
			isa = XCBuildConfiguration;
			buildSettings = {
				ASSETCATALOG_COMPILER_APPICON_NAME = AppIcon;
				ASSETCATALOG_COMPILER_LAUNCHIMAGE_NAME = LaunchImage;
				CLANG_ENABLE_MODULES = YES;
				GCC_PRECOMPILE_PREFIX_HEADER = YES;
				GCC_PREFIX_HEADER = "HeatMap/HeatMap-Prefix.pch";
				GCC_TREAT_WARNINGS_AS_ERRORS = YES;
				INFOPLIST_FILE = "HeatMap/HeatMap-Info.plist";
				LD_RUNPATH_SEARCH_PATHS = "$(inherited) @executable_path/Frameworks";
				PRODUCT_NAME = "$(TARGET_NAME)";
				SWIFT_OBJC_BRIDGING_HEADER = "HeatMap/ViewControllers/HeatMap-Bridging-Header.h";
				SWIFT_OPTIMIZATION_LEVEL = "-Onone";
				TARGETED_DEVICE_FAMILY = 1;
				WRAPPER_EXTENSION = app;
			};
			name = Debug;
		};
		44AD1A2919C6E30F00C64713 /* Release */ = {
			isa = XCBuildConfiguration;
			buildSettings = {
				ASSETCATALOG_COMPILER_APPICON_NAME = AppIcon;
				ASSETCATALOG_COMPILER_LAUNCHIMAGE_NAME = LaunchImage;
				CLANG_ENABLE_MODULES = YES;
				GCC_PRECOMPILE_PREFIX_HEADER = YES;
				GCC_PREFIX_HEADER = "HeatMap/HeatMap-Prefix.pch";
				GCC_TREAT_WARNINGS_AS_ERRORS = YES;
				INFOPLIST_FILE = "HeatMap/HeatMap-Info.plist";
				LD_RUNPATH_SEARCH_PATHS = "$(inherited) @executable_path/Frameworks";
				PRODUCT_NAME = "$(TARGET_NAME)";
				SWIFT_OBJC_BRIDGING_HEADER = "HeatMap/ViewControllers/HeatMap-Bridging-Header.h";
				TARGETED_DEVICE_FAMILY = 1;
				WRAPPER_EXTENSION = app;
			};
			name = Release;
		};
		44AD1A2B19C6E30F00C64713 /* Debug */ = {
			isa = XCBuildConfiguration;
			buildSettings = {
				BUNDLE_LOADER = "$(BUILT_PRODUCTS_DIR)/HeatMap.app/HeatMap";
				FRAMEWORK_SEARCH_PATHS = (
					"$(SDKROOT)/Developer/Library/Frameworks",
					"$(inherited)",
					"$(DEVELOPER_FRAMEWORKS_DIR)",
				);
				GCC_PRECOMPILE_PREFIX_HEADER = YES;
				GCC_PREFIX_HEADER = "HeatMap/HeatMap-Prefix.pch";
				GCC_PREPROCESSOR_DEFINITIONS = (
					"DEBUG=1",
					"$(inherited)",
				);
				INFOPLIST_FILE = "HeatMapTests/HeatMapTests-Info.plist";
				PRODUCT_NAME = "$(TARGET_NAME)";
				TEST_HOST = "$(BUNDLE_LOADER)";
				WRAPPER_EXTENSION = xctest;
			};
			name = Debug;
		};
		44AD1A2C19C6E30F00C64713 /* Release */ = {
			isa = XCBuildConfiguration;
			buildSettings = {
				BUNDLE_LOADER = "$(BUILT_PRODUCTS_DIR)/HeatMap.app/HeatMap";
				FRAMEWORK_SEARCH_PATHS = (
					"$(SDKROOT)/Developer/Library/Frameworks",
					"$(inherited)",
					"$(DEVELOPER_FRAMEWORKS_DIR)",
				);
				GCC_PRECOMPILE_PREFIX_HEADER = YES;
				GCC_PREFIX_HEADER = "HeatMap/HeatMap-Prefix.pch";
				INFOPLIST_FILE = "HeatMapTests/HeatMapTests-Info.plist";
				PRODUCT_NAME = "$(TARGET_NAME)";
				TEST_HOST = "$(BUNDLE_LOADER)";
				WRAPPER_EXTENSION = xctest;
			};
			name = Release;
		};
/* End XCBuildConfiguration section */

/* Begin XCConfigurationList section */
		44AD19ED19C6E30E00C64713 /* Build configuration list for PBXProject "HeatMap" */ = {
			isa = XCConfigurationList;
			buildConfigurations = (
				44AD1A2519C6E30F00C64713 /* Debug */,
				44AD1A2619C6E30F00C64713 /* Release */,
			);
			defaultConfigurationIsVisible = 0;
			defaultConfigurationName = Release;
		};
		44AD1A2719C6E30F00C64713 /* Build configuration list for PBXNativeTarget "HeatMap" */ = {
			isa = XCConfigurationList;
			buildConfigurations = (
				44AD1A2819C6E30F00C64713 /* Debug */,
				44AD1A2919C6E30F00C64713 /* Release */,
			);
			defaultConfigurationIsVisible = 0;
			defaultConfigurationName = Release;
		};
		44AD1A2A19C6E30F00C64713 /* Build configuration list for PBXNativeTarget "HeatMapTests" */ = {
			isa = XCConfigurationList;
			buildConfigurations = (
				44AD1A2B19C6E30F00C64713 /* Debug */,
				44AD1A2C19C6E30F00C64713 /* Release */,
			);
			defaultConfigurationIsVisible = 0;
			defaultConfigurationName = Release;
		};
/* End XCConfigurationList section */
	};
	rootObject = 44AD19EA19C6E30E00C64713 /* Project object */;
}
